<?xml version="1.0" encoding="UTF-8"?>
<Scheme
   version = "1.3">
   <BuildAction>
      <BuildActionEntries>
         <BuildActionEntry
            buildForRunning = "YES">
            <BuildableReference
               BuildableIdentifier = "primary"
               BlueprintIdentifier = "32E30781FDE2F961812B2487"
               BuildableName = "RingTheBell.app"
               BlueprintName = "RingTheBell"
               ReferencedContainer = "container:RingTheBell.xcodeproj">
            </BuildableReference>
         </BuildActionEntry>
      </BuildActionEntries>
   </BuildAction>
   <LaunchAction
      useCustomWorkingDirectory = "NO"
      buildConfiguration = "Debug">
      <BuildableProductRunnable>
         <BuildableReference
            BuildableIdentifier = "primary"
            BlueprintIdentifier = "32E30781FDE2F961812B2487"
            BuildableName = "RingTheBell.app"
            BlueprintName = "RingTheBell"
            ReferencedContainer = "container:RingTheBell.xcodeproj">
         </BuildableReference>
      </BuildableProductRunnable>
   </LaunchAction>
</Scheme>
